
Microsoft Visual Studio Solution File, Format Version 12.00
# Visual Studio Version 16
VisualStudioVersion = 16.0.29001.49
MinimumVisualStudioVersion = 10.0.40219.1
Project("{FAE04EC0-301F-11D3-BF4B-00C04F79EFBC}") = "WebCamFrames", "WebCamFrames\WebCamFrames.csproj", "{F6C75858-7384-4347-8B83-728ADB3931BF}"
EndProject
Global
	GlobalSection(SolutionConfigurationPlatforms) = preSolution
		Debug|Any CPU = Debug|Any CPU
		Release|Any CPU = Release|Any CPU
	EndGlobalSection
	GlobalSection(ProjectConfigurationPlatforms) = postSolution
		{F6C75858-7384-4347-8B83-728ADB3931BF}.Debug|Any CPU.ActiveCfg = Debug|Any CPU
		{F6C75858-7384-4347-8B83-728ADB3931BF}.Debug|Any CPU.Build.0 = Debug|Any CPU
		{F6C75858-7384-4347-8B83-728ADB3931BF}.Release|Any CPU.ActiveCfg = Release|Any CPU
		{F6C75858-7384-4347-8B83-728ADB3931BF}.Release|Any CPU.Build.0 = Release|Any CPU
	EndGlobalSection
	GlobalSection(SolutionProperties) = preSolution
		HideSolutionNode = FALSE
	EndGlobalSection
	GlobalSection(ExtensibilityGlobals) = postSolution
		SolutionGuid = {B0F7A345-F727-4665-A906-87C94176CBD0}
	EndGlobalSection
EndGlobal
